# This file is automatically @generated by Cargo.
# It is not intended for manual editing.
[[package]]
name = "index_vec"
version = "0.1.2"
source = "registry+https://github.com/rust-lang/crates.io-index"
checksum = "52fb664a32d8c1f30a4693137066dd1c3bd67c8edc544281ec3d7cdc8230ed32"

[[package]]
name = "ir"
version = "0.1.0"
dependencies = [
 "index_vec",
]

[[package]]
name = "lowc"
version = "0.1.0"
dependencies = [
 "ir",
]
