# This file is automatically @generated by Cargo.
# It is not intended for manual editing.
version = 3

[[package]]
name = "arena"
version = "0.1.0"
source = "git+https://github.com/Xiulf/arena.git#91d8f708a43690a5c28c2909d06a9fa8bad244ad"

[[package]]
name = "ir"
version = "0.1.0"
dependencies = [
 "arena",
]

[[package]]
name = "lowc"
version = "0.1.0"
dependencies = [
 "ir",
]
